
Microsoft Visual Studio Solution File, Format Version 12.00
# Visual Studio Version 16
VisualStudioVersion = 16.0.29709.97
MinimumVisualStudioVersion = 10.0.40219.1
Project("{FAE04EC0-301F-11D3-BF4B-00C04F79EFBC}") = "BookListRazor", "BookListRazor\BookListRazor.csproj", "{998B81F6-4D71-4486-9E35-E16F13C4CC64}"
EndProject
Global
	GlobalSection(SolutionConfigurationPlatforms) = preSolution
		Debug|Any CPU = Debug|Any CPU
		Release|Any CPU = Release|Any CPU
	EndGlobalSection
	GlobalSection(ProjectConfigurationPlatforms) = postSolution
		{998B81F6-4D71-4486-9E35-E16F13C4CC64}.Debug|Any CPU.ActiveCfg = Debug|Any CPU
		{998B81F6-4D71-4486-9E35-E16F13C4CC64}.Debug|Any CPU.Build.0 = Debug|Any CPU
		{998B81F6-4D71-4486-9E35-E16F13C4CC64}.Release|Any CPU.ActiveCfg = Release|Any CPU
		{998B81F6-4D71-4486-9E35-E16F13C4CC64}.Release|Any CPU.Build.0 = Release|Any CPU
	EndGlobalSection
	GlobalSection(SolutionProperties) = preSolution
		HideSolutionNode = FALSE
	EndGlobalSection
	GlobalSection(ExtensibilityGlobals) = postSolution
		SolutionGuid = {EC0AF7D5-4BDC-488E-B7FF-16C21E00EE13}
	EndGlobalSection
EndGlobal
